
Microsoft Visual Studio Solution File, Format Version 12.00
# Visual Studio 15
VisualStudioVersion = 15.0.26730.16
MinimumVisualStudioVersion = 10.0.40219.1
Project("{FAE04EC0-301F-11D3-BF4B-00C04F79EFBC}") = "Dotz", "Dotz\Dotz.csproj", "{F27C78C4-748D-46A1-A7D3-0E75D22AC329}"
EndProject
Global
	GlobalSection(SolutionConfigurationPlatforms) = preSolution
		Debug|Any CPU = Debug|Any CPU
		Release|Any CPU = Release|Any CPU
	EndGlobalSection
	GlobalSection(ProjectConfigurationPlatforms) = postSolution
		{F27C78C4-748D-46A1-A7D3-0E75D22AC329}.Debug|Any CPU.ActiveCfg = Debug|Any CPU
		{F27C78C4-748D-46A1-A7D3-0E75D22AC329}.Debug|Any CPU.Build.0 = Debug|Any CPU
		{F27C78C4-748D-46A1-A7D3-0E75D22AC329}.Release|Any CPU.ActiveCfg = Release|Any CPU
		{F27C78C4-748D-46A1-A7D3-0E75D22AC329}.Release|Any CPU.Build.0 = Release|Any CPU
	EndGlobalSection
	GlobalSection(SolutionProperties) = preSolution
		HideSolutionNode = FALSE
	EndGlobalSection
	GlobalSection(ExtensibilityGlobals) = postSolution
		SolutionGuid = {C414C987-7CF9-4F11-8B48-011D4FB7F654}
	EndGlobalSection
EndGlobal
